metadata:
  version: "1.0"
artifacts:
  - download_url: https://github.com/zaproxy/zaproxy/releases/download/v2.17.0/ZAP_2.17.0_Linux.tar.gz
    filename: ZAP.tar.gz
    checksum: "sha256:efe799aaa3627db683b43f00c9c210aea0b75c00cc8f0a0f0434d12bb3ddde5a"
  - download_url: https://releases.mozilla.org/pub/firefox/releases/140.7.0esr/linux-x86_64/en-US/firefox-140.7.0esr.tar.xz
    filename: firefox.tar.xz
    checksum: "sha256:5e23761cf9b2f78ab5a549732d48b4e52b2f20fb670a111f9265069d18181d38"
  - download_url: https://dl.k8s.io/release/v1.35.0/bin/linux/amd64/kubectl
    filename: kubectl
    checksum: "sha256:a2e984a18a0c063279d692533031c1eff93a262afcc0afdc517375432d060989"
  - download_url: https://github.com/aquasecurity/trivy/releases/download/v0.69.0/trivy_0.69.0_Linux-64bit.tar.gz
    filename: trivy.tar.gz
    checksum: "sha256:fff5813d6888fa6f8bd40042a08c4f072b3e65aec9f13dd9ab1d7b26146ad046"
