{
  "name": "rapidast",
  "version": "0.1.0",
  "lockfileVersion": 3,
  "requires": true,
  "packages": {
    "": {
      "dependencies": {
        "@redocly/cli": "2.52.1"
      }
    },
    "node_modules/@redocly/cli": {
      "version": "2.52.1",
      "resolved": "https://registry.npmjs.org/@redocly/cli/-/cli-2.52.1.tgz",
      "integrity": "sha512-gwfx1WelVDHU/cw+GkpLV9+xksOI3obJGgL1nUVrAFUyXNDxM+aifXDUZk7BfbOIpF69Sea2ant0cOqbQfg/KQ==",
      "license": "MIT",
      "bin": {
        "openapi": "bin/cli.js",
        "redocly": "bin/cli.js"
      },
      "engines": {
        "node": ">=22.12.0 || >=20.19.0 <21.0.0",
        "npm": ">=10"
      }
    }
  }
}
